
Microsoft Visual Studio Solution File, Format Version 12.00
# Visual Studio Version 17
VisualStudioVersion = 17.12.35527.113
MinimumVisualStudioVersion = 10.0.40219.1
Project("{2150E333-8FDC-42A3-9474-1A3956D46DE8}") = "Services", "Services", "{E67AFC87-AB0B-4B30-9676-16B8B474AAAC}"
EndProject
Project("{2150E333-8FDC-42A3-9474-1A3956D46DE8}") = "Catalog", "Catalog", "{C6FEB2FD-BD12-43D9-A965-010009DA5827}"
EndProject
Project("{FAE04EC0-301F-11D3-BF4B-00C04F79EFBC}") = "MultiShop.Catalog", "Services\Catalog\MultiShop.Catalog\MultiShop.Catalog.csproj", "{77F559F8-8E03-4529-9CC3-111985C127FB}"
EndProject
Project("{2150E333-8FDC-42A3-9474-1A3956D46DE8}") = "Discount", "Discount", "{8C16B83A-44ED-4375-A513-CAF743FB52A7}"
EndProject
Project("{FAE04EC0-301F-11D3-BF4B-00C04F79EFBC}") = "MultiShop.Discount", "Services\Discount\MultiShop.Discount\MultiShop.Discount.csproj", "{8E452F37-F2CF-47ED-AC80-772D4095C360}"
EndProject
Project("{2150E333-8FDC-42A3-9474-1A3956D46DE8}") = "Order", "Order", "{C035BDE5-FC92-4F05-A6F1-8C1282821015}"
EndProject
Project("{2150E333-8FDC-42A3-9474-1A3956D46DE8}") = "Core", "Core", "{2F22C8BC-8E0D-483D-94A4-964747A18FF5}"
EndProject
Project("{2150E333-8FDC-42A3-9474-1A3956D46DE8}") = "Infrastructure", "Infrastructure", "{5447BE1C-D505-42E5-9D28-AF47477C1D3C}"
EndProject
Project("{2150E333-8FDC-42A3-9474-1A3956D46DE8}") = "Presentation", "Presentation", "{2F4ABA25-D1F1-40B9-A660-89E8B78DBD83}"
EndProject
Project("{FAE04EC0-301F-11D3-BF4B-00C04F79EFBC}") = "MultiShop.Order.Application", "Services\Order\Core\MultiShop.Order.Application\MultiShop.Order.Application.csproj", "{8957198D-873E-4BE2-9A04-AC4E0E67C554}"
EndProject
Project("{FAE04EC0-301F-11D3-BF4B-00C04F79EFBC}") = "MultiShop.Order.Domain", "Services\Order\Core\MultiShop.Order.Domain\MultiShop.Order.Domain.csproj", "{23655A55-542B-4C02-B86D-EEC2B85FB2C3}"
EndProject
Project("{FAE04EC0-301F-11D3-BF4B-00C04F79EFBC}") = "MultiShop.Order.Persistence", "Services\Order\Infrastructure\MultiShop.Order.Persistence\MultiShop.Order.Persistence.csproj", "{B25AB4D2-EE91-451B-8B76-6F68C8F12AF9}"
EndProject
Project("{FAE04EC0-301F-11D3-BF4B-00C04F79EFBC}") = "MultiShop.Order.WebApi", "Services\Order\Presentation\MultiShop.Order.WebApi\MultiShop.Order.WebApi.csproj", "{FEC70640-11DF-47FF-B1D0-6611F3886399}"
EndProject
Project("{2150E333-8FDC-42A3-9474-1A3956D46DE8}") = "IdentityServer", "IdentityServer", "{67C73586-9354-42EA-99BD-0D4603EB1BE4}"
EndProject
Project("{FAE04EC0-301F-11D3-BF4B-00C04F79EFBC}") = "MultiShop.IdentityServer", "IdentityServer\MultiShop.IdentityServer\MultiShop.IdentityServer.csproj", "{6335FE62-15EA-4BC6-80E8-6364D2E5CB50}"
EndProject
Project("{2150E333-8FDC-42A3-9474-1A3956D46DE8}") = "Cargo", "Cargo", "{90A37395-33E2-4A40-B27C-0CA0F68A7B92}"
EndProject
Project("{FAE04EC0-301F-11D3-BF4B-00C04F79EFBC}") = "MultiShop.Cargo.EntityLayer", "Services\Cargo\MultiShop.Cargo.EntityLayer\MultiShop.Cargo.EntityLayer.csproj", "{F4638238-AFFC-4F29-AC90-A090B57F3D29}"
EndProject
Project("{FAE04EC0-301F-11D3-BF4B-00C04F79EFBC}") = "MultiShop.Cargo.BusinessLayer", "Services\Cargo\MultiShop.Cargo.BusinessLayer\MultiShop.Cargo.BusinessLayer.csproj", "{F01F76D7-B2F3-41F6-AC1B-60AC21B5F936}"
EndProject
Project("{FAE04EC0-301F-11D3-BF4B-00C04F79EFBC}") = "MultiShop.Cargo.DataAccessLayer", "Services\Cargo\MultiShop.Cargo.DataAccessLayer\MultiShop.Cargo.DataAccessLayer.csproj", "{56E38F65-9010-4482-8AC9-4B1375B81C65}"
EndProject
Project("{FAE04EC0-301F-11D3-BF4B-00C04F79EFBC}") = "MultiShop.Cargo.WebApi", "Services\Cargo\MultiShop.Cargo.WebApi\MultiShop.Cargo.WebApi.csproj", "{F1A3950B-E2D5-4274-991D-6CAAE62DD1BA}"
EndProject
Project("{2150E333-8FDC-42A3-9474-1A3956D46DE8}") = "Basket", "Basket", "{7DE9E8E9-CD6D-4443-AD9C-0CB51DC9CD54}"
EndProject
Project("{FAE04EC0-301F-11D3-BF4B-00C04F79EFBC}") = "MultiShop.Basket", "Services\Basket\MultiShop.Basket\MultiShop.Basket.csproj", "{0AD51B73-1C12-4569-ABE0-AB4223323633}"
EndProject
Project("{2150E333-8FDC-42A3-9474-1A3956D46DE8}") = "Frontends", "Frontends", "{7D4FD1A3-9F04-4C87-817C-4A53048693FD}"
EndProject
Project("{FAE04EC0-301F-11D3-BF4B-00C04F79EFBC}") = "MultiShop.WebUI", "Frontends\MultiShop.WebUI\MultiShop.WebUI.csproj", "{A08055DE-B5D6-4CB6-BF29-FFECD7F61C74}"
EndProject
Project("{2150E333-8FDC-42A3-9474-1A3956D46DE8}") = "Comment", "Comment", "{02EA681E-C7D8-13C7-8484-4AC65E1B71E8}"
EndProject
Project("{FAE04EC0-301F-11D3-BF4B-00C04F79EFBC}") = "MultiShop.Comment", "Services\Comment\MultiShop.Comment\MultiShop.Comment.csproj", "{84129E7A-0A36-4D39-8683-BE4946D1BBB5}"
EndProject
Project("{2150E333-8FDC-42A3-9474-1A3956D46DE8}") = "Solution Items", "Solution Items", "{8EC462FD-D22E-90A8-E5CE-7E832BA40C5D}"
	ProjectSection(SolutionItems) = preProject
		PortNumbers.txt = PortNumbers.txt
	EndProjectSection
EndProject
Project("{2150E333-8FDC-42A3-9474-1A3956D46DE8}") = "ApiGateway", "ApiGateway", "{672778B5-ADFA-4284-B6A6-D226024FD25A}"
EndProject
Project("{FAE04EC0-301F-11D3-BF4B-00C04F79EFBC}") = "MultiShop.OcelotGateway", "ApiGateway\MultiShop.OcelotGateway\MultiShop.OcelotGateway.csproj", "{B202F9E7-3395-4EA6-B82C-67345EE8C362}"
EndProject
Project("{2150E333-8FDC-42A3-9474-1A3956D46DE8}") = "Payment", "Payment", "{1BD75F14-4D53-4D75-9E20-49D1343C9C82}"
EndProject
Project("{FAE04EC0-301F-11D3-BF4B-00C04F79EFBC}") = "MultiShop.Payment", "Services\Payment\MultiShop.Payment\MultiShop.Payment.csproj", "{2C9CFF26-D885-4995-82E3-1528A7DDBA45}"
EndProject
Project("{2150E333-8FDC-42A3-9474-1A3956D46DE8}") = "Images", "Images", "{6AA8AB79-EEF9-41DB-A2BE-CE20E31E4CFE}"
EndProject
Project("{FAE04EC0-301F-11D3-BF4B-00C04F79EFBC}") = "MultiShop.Images", "Services\Images\MultiShop.Images\MultiShop.Images.csproj", "{8EFEE319-00EC-4D9F-8556-53310473DE15}"
EndProject
Global
	GlobalSection(SolutionConfigurationPlatforms) = preSolution
		Debug|Any CPU = Debug|Any CPU
		Release|Any CPU = Release|Any CPU
	EndGlobalSection
	GlobalSection(ProjectConfigurationPlatforms) = postSolution
		{77F559F8-8E03-4529-9CC3-111985C127FB}.Debug|Any CPU.ActiveCfg = Debug|Any CPU
		{77F559F8-8E03-4529-9CC3-111985C127FB}.Debug|Any CPU.Build.0 = Debug|Any CPU
		{77F559F8-8E03-4529-9CC3-111985C127FB}.Release|Any CPU.ActiveCfg = Release|Any CPU
		{77F559F8-8E03-4529-9CC3-111985C127FB}.Release|Any CPU.Build.0 = Release|Any CPU
		{8E452F37-F2CF-47ED-AC80-772D4095C360}.Debug|Any CPU.ActiveCfg = Debug|Any CPU
		{8E452F37-F2CF-47ED-AC80-772D4095C360}.Debug|Any CPU.Build.0 = Debug|Any CPU
		{8E452F37-F2CF-47ED-AC80-772D4095C360}.Release|Any CPU.ActiveCfg = Release|Any CPU
		{8E452F37-F2CF-47ED-AC80-772D4095C360}.Release|Any CPU.Build.0 = Release|Any CPU
		{8957198D-873E-4BE2-9A04-AC4E0E67C554}.Debug|Any CPU.ActiveCfg = Debug|Any CPU
		{8957198D-873E-4BE2-9A04-AC4E0E67C554}.Debug|Any CPU.Build.0 = Debug|Any CPU
		{8957198D-873E-4BE2-9A04-AC4E0E67C554}.Release|Any CPU.ActiveCfg = Release|Any CPU
		{8957198D-873E-4BE2-9A04-AC4E0E67C554}.Release|Any CPU.Build.0 = Release|Any CPU
		{23655A55-542B-4C02-B86D-EEC2B85FB2C3}.Debug|Any CPU.ActiveCfg = Debug|Any CPU
		{23655A55-542B-4C02-B86D-EEC2B85FB2C3}.Debug|Any CPU.Build.0 = Debug|Any CPU
		{23655A55-542B-4C02-B86D-EEC2B85FB2C3}.Release|Any CPU.ActiveCfg = Release|Any CPU
		{23655A55-542B-4C02-B86D-EEC2B85FB2C3}.Release|Any CPU.Build.0 = Release|Any CPU
		{B25AB4D2-EE91-451B-8B76-6F68C8F12AF9}.Debug|Any CPU.ActiveCfg = Debug|Any CPU
		{B25AB4D2-EE91-451B-8B76-6F68C8F12AF9}.Debug|Any CPU.Build.0 = Debug|Any CPU
		{B25AB4D2-EE91-451B-8B76-6F68C8F12AF9}.Release|Any CPU.ActiveCfg = Release|Any CPU
		{B25AB4D2-EE91-451B-8B76-6F68C8F12AF9}.Release|Any CPU.Build.0 = Release|Any CPU
		{FEC70640-11DF-47FF-B1D0-6611F3886399}.Debug|Any CPU.ActiveCfg = Debug|Any CPU
		{FEC70640-11DF-47FF-B1D0-6611F3886399}.Debug|Any CPU.Build.0 = Debug|Any CPU
		{FEC70640-11DF-47FF-B1D0-6611F3886399}.Release|Any CPU.ActiveCfg = Release|Any CPU
		{FEC70640-11DF-47FF-B1D0-6611F3886399}.Release|Any CPU.Build.0 = Release|Any CPU
		{6335FE62-15EA-4BC6-80E8-6364D2E5CB50}.Debug|Any CPU.ActiveCfg = Debug|Any CPU
		{6335FE62-15EA-4BC6-80E8-6364D2E5CB50}.Debug|Any CPU.Build.0 = Debug|Any CPU
		{6335FE62-15EA-4BC6-80E8-6364D2E5CB50}.Release|Any CPU.ActiveCfg = Release|Any CPU
		{6335FE62-15EA-4BC6-80E8-6364D2E5CB50}.Release|Any CPU.Build.0 = Release|Any CPU
		{F4638238-AFFC-4F29-AC90-A090B57F3D29}.Debug|Any CPU.ActiveCfg = Debug|Any CPU
		{F4638238-AFFC-4F29-AC90-A090B57F3D29}.Debug|Any CPU.Build.0 = Debug|Any CPU
		{F4638238-AFFC-4F29-AC90-A090B57F3D29}.Release|Any CPU.ActiveCfg = Release|Any CPU
		{F4638238-AFFC-4F29-AC90-A090B57F3D29}.Release|Any CPU.Build.0 = Release|Any CPU
		{F01F76D7-B2F3-41F6-AC1B-60AC21B5F936}.Debug|Any CPU.ActiveCfg = Debug|Any CPU
		{F01F76D7-B2F3-41F6-AC1B-60AC21B5F936}.Debug|Any CPU.Build.0 = Debug|Any CPU
		{F01F76D7-B2F3-41F6-AC1B-60AC21B5F936}.Release|Any CPU.ActiveCfg = Release|Any CPU
		{F01F76D7-B2F3-41F6-AC1B-60AC21B5F936}.Release|Any CPU.Build.0 = Release|Any CPU
		{56E38F65-9010-4482-8AC9-4B1375B81C65}.Debug|Any CPU.ActiveCfg = Debug|Any CPU
		{56E38F65-9010-4482-8AC9-4B1375B81C65}.Debug|Any CPU.Build.0 = Debug|Any CPU
		{56E38F65-9010-4482-8AC9-4B1375B81C65}.Release|Any CPU.ActiveCfg = Release|Any CPU
		{56E38F65-9010-4482-8AC9-4B1375B81C65}.Release|Any CPU.Build.0 = Release|Any CPU
		{F1A3950B-E2D5-4274-991D-6CAAE62DD1BA}.Debug|Any CPU.ActiveCfg = Debug|Any CPU
		{F1A3950B-E2D5-4274-991D-6CAAE62DD1BA}.Debug|Any CPU.Build.0 = Debug|Any CPU
		{F1A3950B-E2D5-4274-991D-6CAAE62DD1BA}.Release|Any CPU.ActiveCfg = Release|Any CPU
		{F1A3950B-E2D5-4274-991D-6CAAE62DD1BA}.Release|Any CPU.Build.0 = Release|Any CPU
		{0AD51B73-1C12-4569-ABE0-AB4223323633}.Debug|Any CPU.ActiveCfg = Debug|Any CPU
		{0AD51B73-1C12-4569-ABE0-AB4223323633}.Debug|Any CPU.Build.0 = Debug|Any CPU
		{0AD51B73-1C12-4569-ABE0-AB4223323633}.Release|Any CPU.ActiveCfg = Release|Any CPU
		{0AD51B73-1C12-4569-ABE0-AB4223323633}.Release|Any CPU.Build.0 = Release|Any CPU
		{A08055DE-B5D6-4CB6-BF29-FFECD7F61C74}.Debug|Any CPU.ActiveCfg = Debug|Any CPU
		{A08055DE-B5D6-4CB6-BF29-FFECD7F61C74}.Debug|Any CPU.Build.0 = Debug|Any CPU
		{A08055DE-B5D6-4CB6-BF29-FFECD7F61C74}.Release|Any CPU.ActiveCfg = Release|Any CPU
		{A08055DE-B5D6-4CB6-BF29-FFECD7F61C74}.Release|Any CPU.Build.0 = Release|Any CPU
		{84129E7A-0A36-4D39-8683-BE4946D1BBB5}.Debug|Any CPU.ActiveCfg = Debug|Any CPU
		{84129E7A-0A36-4D39-8683-BE4946D1BBB5}.Debug|Any CPU.Build.0 = Debug|Any CPU
		{84129E7A-0A36-4D39-8683-BE4946D1BBB5}.Release|Any CPU.ActiveCfg = Release|Any CPU
		{84129E7A-0A36-4D39-8683-BE4946D1BBB5}.Release|Any CPU.Build.0 = Release|Any CPU
		{B202F9E7-3395-4EA6-B82C-67345EE8C362}.Debug|Any CPU.ActiveCfg = Debug|Any CPU
		{B202F9E7-3395-4EA6-B82C-67345EE8C362}.Debug|Any CPU.Build.0 = Debug|Any CPU
		{B202F9E7-3395-4EA6-B82C-67345EE8C362}.Release|Any CPU.ActiveCfg = Release|Any CPU
		{B202F9E7-3395-4EA6-B82C-67345EE8C362}.Release|Any CPU.Build.0 = Release|Any CPU
		{2C9CFF26-D885-4995-82E3-1528A7DDBA45}.Debug|Any CPU.ActiveCfg = Debug|Any CPU
		{2C9CFF26-D885-4995-82E3-1528A7DDBA45}.Debug|Any CPU.Build.0 = Debug|Any CPU
		{2C9CFF26-D885-4995-82E3-1528A7DDBA45}.Release|Any CPU.ActiveCfg = Release|Any CPU
		{2C9CFF26-D885-4995-82E3-1528A7DDBA45}.Release|Any CPU.Build.0 = Release|Any CPU
		{8EFEE319-00EC-4D9F-8556-53310473DE15}.Debug|Any CPU.ActiveCfg = Debug|Any CPU
		{8EFEE319-00EC-4D9F-8556-53310473DE15}.Debug|Any CPU.Build.0 = Debug|Any CPU
		{8EFEE319-00EC-4D9F-8556-53310473DE15}.Release|Any CPU.ActiveCfg = Release|Any CPU
		{8EFEE319-00EC-4D9F-8556-53310473DE15}.Release|Any CPU.Build.0 = Release|Any CPU
	EndGlobalSection
	GlobalSection(SolutionProperties) = preSolution
		HideSolutionNode = FALSE
	EndGlobalSection
	GlobalSection(NestedProjects) = preSolution
		{C6FEB2FD-BD12-43D9-A965-010009DA5827} = {E67AFC87-AB0B-4B30-9676-16B8B474AAAC}
		{77F559F8-8E03-4529-9CC3-111985C127FB} = {C6FEB2FD-BD12-43D9-A965-010009DA5827}
		{8C16B83A-44ED-4375-A513-CAF743FB52A7} = {E67AFC87-AB0B-4B30-9676-16B8B474AAAC}
		{8E452F37-F2CF-47ED-AC80-772D4095C360} = {8C16B83A-44ED-4375-A513-CAF743FB52A7}
		{C035BDE5-FC92-4F05-A6F1-8C1282821015} = {E67AFC87-AB0B-4B30-9676-16B8B474AAAC}
		{2F22C8BC-8E0D-483D-94A4-964747A18FF5} = {C035BDE5-FC92-4F05-A6F1-8C1282821015}
		{5447BE1C-D505-42E5-9D28-AF47477C1D3C} = {C035BDE5-FC92-4F05-A6F1-8C1282821015}
		{2F4ABA25-D1F1-40B9-A660-89E8B78DBD83} = {C035BDE5-FC92-4F05-A6F1-8C1282821015}
		{8957198D-873E-4BE2-9A04-AC4E0E67C554} = {2F22C8BC-8E0D-483D-94A4-964747A18FF5}
		{23655A55-542B-4C02-B86D-EEC2B85FB2C3} = {2F22C8BC-8E0D-483D-94A4-964747A18FF5}
		{B25AB4D2-EE91-451B-8B76-6F68C8F12AF9} = {5447BE1C-D505-42E5-9D28-AF47477C1D3C}
		{FEC70640-11DF-47FF-B1D0-6611F3886399} = {2F4ABA25-D1F1-40B9-A660-89E8B78DBD83}
		{6335FE62-15EA-4BC6-80E8-6364D2E5CB50} = {67C73586-9354-42EA-99BD-0D4603EB1BE4}
		{90A37395-33E2-4A40-B27C-0CA0F68A7B92} = {E67AFC87-AB0B-4B30-9676-16B8B474AAAC}
		{F4638238-AFFC-4F29-AC90-A090B57F3D29} = {90A37395-33E2-4A40-B27C-0CA0F68A7B92}
		{F01F76D7-B2F3-41F6-AC1B-60AC21B5F936} = {90A37395-33E2-4A40-B27C-0CA0F68A7B92}
		{56E38F65-9010-4482-8AC9-4B1375B81C65} = {90A37395-33E2-4A40-B27C-0CA0F68A7B92}
		{F1A3950B-E2D5-4274-991D-6CAAE62DD1BA} = {90A37395-33E2-4A40-B27C-0CA0F68A7B92}
		{7DE9E8E9-CD6D-4443-AD9C-0CB51DC9CD54} = {E67AFC87-AB0B-4B30-9676-16B8B474AAAC}
		{0AD51B73-1C12-4569-ABE0-AB4223323633} = {7DE9E8E9-CD6D-4443-AD9C-0CB51DC9CD54}
		{A08055DE-B5D6-4CB6-BF29-FFECD7F61C74} = {7D4FD1A3-9F04-4C87-817C-4A53048693FD}
		{02EA681E-C7D8-13C7-8484-4AC65E1B71E8} = {E67AFC87-AB0B-4B30-9676-16B8B474AAAC}
		{84129E7A-0A36-4D39-8683-BE4946D1BBB5} = {02EA681E-C7D8-13C7-8484-4AC65E1B71E8}
		{B202F9E7-3395-4EA6-B82C-67345EE8C362} = {672778B5-ADFA-4284-B6A6-D226024FD25A}
		{1BD75F14-4D53-4D75-9E20-49D1343C9C82} = {E67AFC87-AB0B-4B30-9676-16B8B474AAAC}
		{2C9CFF26-D885-4995-82E3-1528A7DDBA45} = {1BD75F14-4D53-4D75-9E20-49D1343C9C82}
		{6AA8AB79-EEF9-41DB-A2BE-CE20E31E4CFE} = {E67AFC87-AB0B-4B30-9676-16B8B474AAAC}
		{8EFEE319-00EC-4D9F-8556-53310473DE15} = {6AA8AB79-EEF9-41DB-A2BE-CE20E31E4CFE}
	EndGlobalSection
	GlobalSection(ExtensibilityGlobals) = postSolution
		SolutionGuid = {4461FB4E-2302-48B6-B0E7-1BD1025521F6}
	EndGlobalSection
EndGlobal
